// !$*UTF8*$!
{
	archiveVersion = 1;
	classes = {
	};
	objectVersion = 56;
	objects = {

/* Begin PBXBuildFile section */
		C34B4A4529A7B72E002C57D1 /* FeedCharacter.swift in Sources */ = {isa = PBXBuildFile; fileRef = C34B4A4429A7B72E002C57D1 /* FeedCharacter.swift */; };
		C34B4A4829A7B7A0002C57D1 /* HTTPClient.swift in Sources */ = {isa = PBXBuildFile; fileRef = C34B4A4729A7B7A0002C57D1 /* HTTPClient.swift */; };
		C34B4A4A29A7B7C9002C57D1 /* FeedMapper.swift in Sources */ = {isa = PBXBuildFile; fileRef = C34B4A4929A7B7C9002C57D1 /* FeedMapper.swift */; };
		C34B4A4C29A7B7E9002C57D1 /* FeedLoader.swift in Sources */ = {isa = PBXBuildFile; fileRef = C34B4A4B29A7B7E9002C57D1 /* FeedLoader.swift */; };
		C34B4A4E29A7B8EE002C57D1 /* XCTestCase+MemoryLeakTracking.swift in Sources */ = {isa = PBXBuildFile; fileRef = C34B4A4D29A7B8EE002C57D1 /* XCTestCase+MemoryLeakTracking.swift */; };
		C34B4A7629A7C465002C57D1 /* APIService.swift in Sources */ = {isa = PBXBuildFile; fileRef = C34B4A7529A7C465002C57D1 /* APIService.swift */; };
		C3A63B0D29A7D81900B56D98 /* CharViewModel.swift in Sources */ = {isa = PBXBuildFile; fileRef = C3A63B0C29A7D81900B56D98 /* CharViewModel.swift */; };
		C3A63B0F29A8113E00B56D98 /* FeedMultipleCharacters.swift in Sources */ = {isa = PBXBuildFile; fileRef = C3A63B0E29A8113E00B56D98 /* FeedMultipleCharacters.swift */; };
		C3A63B1129A8135F00B56D98 /* LoadMultipleCharacterFromRemoteUseTestCase.swift in Sources */ = {isa = PBXBuildFile; fileRef = C3A63B1029A8135F00B56D98 /* LoadMultipleCharacterFromRemoteUseTestCase.swift */; };
		C3D598D229A575A00069B505 /* rick_and_mortyApp.swift in Sources */ = {isa = PBXBuildFile; fileRef = C3D598D129A575A00069B505 /* rick_and_mortyApp.swift */; };
		C3D598D429A575A00069B505 /* ContentView.swift in Sources */ = {isa = PBXBuildFile; fileRef = C3D598D329A575A00069B505 /* ContentView.swift */; };
		C3D598D629A575A20069B505 /* Assets.xcassets in Resources */ = {isa = PBXBuildFile; fileRef = C3D598D529A575A20069B505 /* Assets.xcassets */; };
		C3D598D929A575A20069B505 /* Preview Assets.xcassets in Resources */ = {isa = PBXBuildFile; fileRef = C3D598D829A575A20069B505 /* Preview Assets.xcassets */; };
		C3D598ED29A575A20069B505 /* rick_and_mortyUITests.swift in Sources */ = {isa = PBXBuildFile; fileRef = C3D598EC29A575A20069B505 /* rick_and_mortyUITests.swift */; };
		C3D598EF29A575A20069B505 /* rick_and_mortyUITestsLaunchTests.swift in Sources */ = {isa = PBXBuildFile; fileRef = C3D598EE29A575A20069B505 /* rick_and_mortyUITestsLaunchTests.swift */; };
		C3D598FC29A5775F0069B505 /* LoadSingleCharacterFromRemoteUseTestCase.swift in Sources */ = {isa = PBXBuildFile; fileRef = C3D598FB29A5775F0069B505 /* LoadSingleCharacterFromRemoteUseTestCase.swift */; };
		C3D598FE29A5799E0069B505 /* RemoteFeedLoader.swift in Sources */ = {isa = PBXBuildFile; fileRef = C3D598FD29A5799E0069B505 /* RemoteFeedLoader.swift */; };
		C3D5990429A5CC7C0069B505 /* HTTPClientSpy.swift in Sources */ = {isa = PBXBuildFile; fileRef = C3D5990329A5CC7C0069B505 /* HTTPClientSpy.swift */; };
/* End PBXBuildFile section */

/* Begin PBXContainerItemProxy section */
		C3D598DF29A575A20069B505 /* PBXContainerItemProxy */ = {
			isa = PBXContainerItemProxy;
			containerPortal = C3D598C629A575A00069B505 /* Project object */;
			proxyType = 1;
			remoteGlobalIDString = C3D598CD29A575A00069B505;
			remoteInfo = rick_and_morty;
		};
		C3D598E929A575A20069B505 /* PBXContainerItemProxy */ = {
			isa = PBXContainerItemProxy;
			containerPortal = C3D598C629A575A00069B505 /* Project object */;
			proxyType = 1;
			remoteGlobalIDString = C3D598CD29A575A00069B505;
			remoteInfo = rick_and_morty;
		};
/* End PBXContainerItemProxy section */

/* Begin PBXFileReference section */
		C34B4A4429A7B72E002C57D1 /* FeedCharacter.swift */ = {isa = PBXFileReference; lastKnownFileType = sourcecode.swift; path = FeedCharacter.swift; sourceTree = "<group>"; };
		C34B4A4729A7B7A0002C57D1 /* HTTPClient.swift */ = {isa = PBXFileReference; lastKnownFileType = sourcecode.swift; path = HTTPClient.swift; sourceTree = "<group>"; };
		C34B4A4929A7B7C9002C57D1 /* FeedMapper.swift */ = {isa = PBXFileReference; lastKnownFileType = sourcecode.swift; path = FeedMapper.swift; sourceTree = "<group>"; };
		C34B4A4B29A7B7E9002C57D1 /* FeedLoader.swift */ = {isa = PBXFileReference; lastKnownFileType = sourcecode.swift; path = FeedLoader.swift; sourceTree = "<group>"; };
		C34B4A4D29A7B8EE002C57D1 /* XCTestCase+MemoryLeakTracking.swift */ = {isa = PBXFileReference; lastKnownFileType = sourcecode.swift; path = "XCTestCase+MemoryLeakTracking.swift"; sourceTree = "<group>"; };
		C34B4A7529A7C465002C57D1 /* APIService.swift */ = {isa = PBXFileReference; lastKnownFileType = sourcecode.swift; path = APIService.swift; sourceTree = "<group>"; };
		C3A63B0C29A7D81900B56D98 /* CharViewModel.swift */ = {isa = PBXFileReference; lastKnownFileType = sourcecode.swift; path = CharViewModel.swift; sourceTree = "<group>"; };
		C3A63B0E29A8113E00B56D98 /* FeedMultipleCharacters.swift */ = {isa = PBXFileReference; lastKnownFileType = sourcecode.swift; path = FeedMultipleCharacters.swift; sourceTree = "<group>"; };
		C3A63B1029A8135F00B56D98 /* LoadMultipleCharacterFromRemoteUseTestCase.swift */ = {isa = PBXFileReference; lastKnownFileType = sourcecode.swift; path = LoadMultipleCharacterFromRemoteUseTestCase.swift; sourceTree = "<group>"; };
		C3D598CE29A575A00069B505 /* rick_and_morty.app */ = {isa = PBXFileReference; explicitFileType = wrapper.application; includeInIndex = 0; path = rick_and_morty.app; sourceTree = BUILT_PRODUCTS_DIR; };
		C3D598D129A575A00069B505 /* rick_and_mortyApp.swift */ = {isa = PBXFileReference; lastKnownFileType = sourcecode.swift; path = rick_and_mortyApp.swift; sourceTree = "<group>"; };
		C3D598D329A575A00069B505 /* ContentView.swift */ = {isa = PBXFileReference; lastKnownFileType = sourcecode.swift; path = ContentView.swift; sourceTree = "<group>"; };
		C3D598D529A575A20069B505 /* Assets.xcassets */ = {isa = PBXFileReference; lastKnownFileType = folder.assetcatalog; path = Assets.xcassets; sourceTree = "<group>"; };
		C3D598D829A575A20069B505 /* Preview Assets.xcassets */ = {isa = PBXFileReference; lastKnownFileType = folder.assetcatalog; path = "Preview Assets.xcassets"; sourceTree = "<group>"; };
		C3D598DE29A575A20069B505 /* rick_and_mortyTests.xctest */ = {isa = PBXFileReference; explicitFileType = wrapper.cfbundle; includeInIndex = 0; path = rick_and_mortyTests.xctest; sourceTree = BUILT_PRODUCTS_DIR; };
		C3D598E829A575A20069B505 /* rick_and_mortyUITests.xctest */ = {isa = PBXFileReference; explicitFileType = wrapper.cfbundle; includeInIndex = 0; path = rick_and_mortyUITests.xctest; sourceTree = BUILT_PRODUCTS_DIR; };
		C3D598EC29A575A20069B505 /* rick_and_mortyUITests.swift */ = {isa = PBXFileReference; lastKnownFileType = sourcecode.swift; path = rick_and_mortyUITests.swift; sourceTree = "<group>"; };
		C3D598EE29A575A20069B505 /* rick_and_mortyUITestsLaunchTests.swift */ = {isa = PBXFileReference; lastKnownFileType = sourcecode.swift; path = rick_and_mortyUITestsLaunchTests.swift; sourceTree = "<group>"; };
		C3D598FB29A5775F0069B505 /* LoadSingleCharacterFromRemoteUseTestCase.swift */ = {isa = PBXFileReference; lastKnownFileType = sourcecode.swift; path = LoadSingleCharacterFromRemoteUseTestCase.swift; sourceTree = "<group>"; };
		C3D598FD29A5799E0069B505 /* RemoteFeedLoader.swift */ = {isa = PBXFileReference; lastKnownFileType = sourcecode.swift; path = RemoteFeedLoader.swift; sourceTree = "<group>"; };
		C3D5990329A5CC7C0069B505 /* HTTPClientSpy.swift */ = {isa = PBXFileReference; lastKnownFileType = sourcecode.swift; path = HTTPClientSpy.swift; sourceTree = "<group>"; };
/* End PBXFileReference section */

/* Begin PBXFrameworksBuildPhase section */
		C3D598CB29A575A00069B505 /* Frameworks */ = {
			isa = PBXFrameworksBuildPhase;
			buildActionMask = 2147483647;
			files = (
			);
			runOnlyForDeploymentPostprocessing = 0;
		};
		C3D598DB29A575A20069B505 /* Frameworks */ = {
			isa = PBXFrameworksBuildPhase;
			buildActionMask = 2147483647;
			files = (
			);
			runOnlyForDeploymentPostprocessing = 0;
		};
		C3D598E529A575A20069B505 /* Frameworks */ = {
			isa = PBXFrameworksBuildPhase;
			buildActionMask = 2147483647;
			files = (
			);
			runOnlyForDeploymentPostprocessing = 0;
		};
/* End PBXFrameworksBuildPhase section */

/* Begin PBXGroup section */
		C34B4A4329A7B6F1002C57D1 /* View */ = {
			isa = PBXGroup;
			children = (
				C3D598D129A575A00069B505 /* rick_and_mortyApp.swift */,
				C3D598D329A575A00069B505 /* ContentView.swift */,
				C3A63B0C29A7D81900B56D98 /* CharViewModel.swift */,
			);
			path = View;
			sourceTree = "<group>";
		};
		C34B4A4629A7B78E002C57D1 /* FeedAPI */ = {
			isa = PBXGroup;
			children = (
				C3D598FD29A5799E0069B505 /* RemoteFeedLoader.swift */,
				C34B4A4729A7B7A0002C57D1 /* HTTPClient.swift */,
				C34B4A4929A7B7C9002C57D1 /* FeedMapper.swift */,
				C34B4A7529A7C465002C57D1 /* APIService.swift */,
			);
			path = FeedAPI;
			sourceTree = "<group>";
		};
		C3D598C529A575A00069B505 = {
			isa = PBXGroup;
			children = (
				C3D598D029A575A00069B505 /* rick_and_morty */,
				C3D598E129A575A20069B505 /* rick_and_mortyTests */,
				C3D598EB29A575A20069B505 /* rick_and_mortyUITests */,
				C3D598CF29A575A00069B505 /* Products */,
			);
			sourceTree = "<group>";
		};
		C3D598CF29A575A00069B505 /* Products */ = {
			isa = PBXGroup;
			children = (
				C3D598CE29A575A00069B505 /* rick_and_morty.app */,
				C3D598DE29A575A20069B505 /* rick_and_mortyTests.xctest */,
				C3D598E829A575A20069B505 /* rick_and_mortyUITests.xctest */,
			);
			name = Products;
			sourceTree = "<group>";
		};
		C3D598D029A575A00069B505 /* rick_and_morty */ = {
			isa = PBXGroup;
			children = (
				C34B4A4329A7B6F1002C57D1 /* View */,
				C3D598FF29A5C9290069B505 /* NetWorkModule */,
				C3D598D529A575A20069B505 /* Assets.xcassets */,
				C3D598D729A575A20069B505 /* Preview Content */,
			);
			path = rick_and_morty;
			sourceTree = "<group>";
		};
		C3D598D729A575A20069B505 /* Preview Content */ = {
			isa = PBXGroup;
			children = (
				C3D598D829A575A20069B505 /* Preview Assets.xcassets */,
			);
			path = "Preview Content";
			sourceTree = "<group>";
		};
		C3D598E129A575A20069B505 /* rick_and_mortyTests */ = {
			isa = PBXGroup;
			children = (
				C3D5990129A5CC430069B505 /* NetworkModule */,
			);
			path = rick_and_mortyTests;
			sourceTree = "<group>";
		};
		C3D598EB29A575A20069B505 /* rick_and_mortyUITests */ = {
			isa = PBXGroup;
			children = (
				C3D598EC29A575A20069B505 /* rick_and_mortyUITests.swift */,
				C3D598EE29A575A20069B505 /* rick_and_mortyUITestsLaunchTests.swift */,
			);
			path = rick_and_mortyUITests;
			sourceTree = "<group>";
		};
		C3D598FF29A5C9290069B505 /* NetWorkModule */ = {
			isa = PBXGroup;
			children = (
				C34B4A4629A7B78E002C57D1 /* FeedAPI */,
				C3D5990029A5C9320069B505 /* Characters */,
			);
			path = NetWorkModule;
			sourceTree = "<group>";
		};
		C3D5990029A5C9320069B505 /* Characters */ = {
			isa = PBXGroup;
			children = (
				C34B4A4429A7B72E002C57D1 /* FeedCharacter.swift */,
				C34B4A4B29A7B7E9002C57D1 /* FeedLoader.swift */,
				C3A63B0E29A8113E00B56D98 /* FeedMultipleCharacters.swift */,
			);
			path = Characters;
			sourceTree = "<group>";
		};
		C3D5990129A5CC430069B505 /* NetworkModule */ = {
			isa = PBXGroup;
			children = (
				C3D5990229A5CC580069B505 /* Helpers */,
				C3D598FB29A5775F0069B505 /* LoadSingleCharacterFromRemoteUseTestCase.swift */,
				C3A63B1029A8135F00B56D98 /* LoadMultipleCharacterFromRemoteUseTestCase.swift */,
			);
			path = NetworkModule;
			sourceTree = "<group>";
		};
		C3D5990229A5CC580069B505 /* Helpers */ = {
			isa = PBXGroup;
			children = (
				C3D5990329A5CC7C0069B505 /* HTTPClientSpy.swift */,
				C34B4A4D29A7B8EE002C57D1 /* XCTestCase+MemoryLeakTracking.swift */,
			);
			path = Helpers;
			sourceTree = "<group>";
		};
/* End PBXGroup section */

/* Begin PBXNativeTarget section */
		C3D598CD29A575A00069B505 /* rick_and_morty */ = {
			isa = PBXNativeTarget;
			buildConfigurationList = C3D598F229A575A20069B505 /* Build configuration list for PBXNativeTarget "rick_and_morty" */;
			buildPhases = (
				C3D598CA29A575A00069B505 /* Sources */,
				C3D598CB29A575A00069B505 /* Frameworks */,
				C3D598CC29A575A00069B505 /* Resources */,
			);
			buildRules = (
			);
			dependencies = (
			);
			name = rick_and_morty;
			productName = rick_and_morty;
			productReference = C3D598CE29A575A00069B505 /* rick_and_morty.app */;
			productType = "com.apple.product-type.application";
		};
		C3D598DD29A575A20069B505 /* rick_and_mortyTests */ = {
			isa = PBXNativeTarget;
			buildConfigurationList = C3D598F529A575A20069B505 /* Build configuration list for PBXNativeTarget "rick_and_mortyTests" */;
			buildPhases = (
				C3D598DA29A575A20069B505 /* Sources */,
				C3D598DB29A575A20069B505 /* Frameworks */,
				C3D598DC29A575A20069B505 /* Resources */,
			);
			buildRules = (
			);
			dependencies = (
				C3D598E029A575A20069B505 /* PBXTargetDependency */,
			);
			name = rick_and_mortyTests;
			productName = rick_and_mortyTests;
			productReference = C3D598DE29A575A20069B505 /* rick_and_mortyTests.xctest */;
			productType = "com.apple.product-type.bundle.unit-test";
		};
		C3D598E729A575A20069B505 /* rick_and_mortyUITests */ = {
			isa = PBXNativeTarget;
			buildConfigurationList = C3D598F829A575A20069B505 /* Build configuration list for PBXNativeTarget "rick_and_mortyUITests" */;
			buildPhases = (
				C3D598E429A575A20069B505 /* Sources */,
				C3D598E529A575A20069B505 /* Frameworks */,
				C3D598E629A575A20069B505 /* Resources */,
			);
			buildRules = (
			);
			dependencies = (
				C3D598EA29A575A20069B505 /* PBXTargetDependency */,
			);
			name = rick_and_mortyUITests;
			productName = rick_and_mortyUITests;
			productReference = C3D598E829A575A20069B505 /* rick_and_mortyUITests.xctest */;
			productType = "com.apple.product-type.bundle.ui-testing";
		};
/* End PBXNativeTarget section */

/* Begin PBXProject section */
		C3D598C629A575A00069B505 /* Project object */ = {
			isa = PBXProject;
			attributes = {
				BuildIndependentTargetsInParallel = 1;
				LastSwiftUpdateCheck = 1400;
				LastUpgradeCheck = 1400;
				TargetAttributes = {
					C3D598CD29A575A00069B505 = {
						CreatedOnToolsVersion = 14.0.1;
					};
					C3D598DD29A575A20069B505 = {
						CreatedOnToolsVersion = 14.0.1;
						TestTargetID = C3D598CD29A575A00069B505;
					};
					C3D598E729A575A20069B505 = {
						CreatedOnToolsVersion = 14.0.1;
						TestTargetID = C3D598CD29A575A00069B505;
					};
				};
			};
			buildConfigurationList = C3D598C929A575A00069B505 /* Build configuration list for PBXProject "rick_and_morty" */;
			compatibilityVersion = "Xcode 14.0";
			developmentRegion = en;
			hasScannedForEncodings = 0;
			knownRegions = (
				en,
				Base,
			);
			mainGroup = C3D598C529A575A00069B505;
			productRefGroup = C3D598CF29A575A00069B505 /* Products */;
			projectDirPath = "";
			projectRoot = "";
			targets = (
				C3D598CD29A575A00069B505 /* rick_and_morty */,
				C3D598DD29A575A20069B505 /* rick_and_mortyTests */,
				C3D598E729A575A20069B505 /* rick_and_mortyUITests */,
			);
		};
/* End PBXProject section */

/* Begin PBXResourcesBuildPhase section */
		C3D598CC29A575A00069B505 /* Resources */ = {
			isa = PBXResourcesBuildPhase;
			buildActionMask = 2147483647;
			files = (
				C3D598D929A575A20069B505 /* Preview Assets.xcassets in Resources */,
				C3D598D629A575A20069B505 /* Assets.xcassets in Resources */,
			);
			runOnlyForDeploymentPostprocessing = 0;
		};
		C3D598DC29A575A20069B505 /* Resources */ = {
			isa = PBXResourcesBuildPhase;
			buildActionMask = 2147483647;
			files = (
			);
			runOnlyForDeploymentPostprocessing = 0;
		};
		C3D598E629A575A20069B505 /* Resources */ = {
			isa = PBXResourcesBuildPhase;
			buildActionMask = 2147483647;
			files = (
			);
			runOnlyForDeploymentPostprocessing = 0;
		};
/* End PBXResourcesBuildPhase section */

/* Begin PBXSourcesBuildPhase section */
		C3D598CA29A575A00069B505 /* Sources */ = {
			isa = PBXSourcesBuildPhase;
			buildActionMask = 2147483647;
			files = (
				C34B4A4C29A7B7E9002C57D1 /* FeedLoader.swift in Sources */,
				C3D598D429A575A00069B505 /* ContentView.swift in Sources */,
				C34B4A4829A7B7A0002C57D1 /* HTTPClient.swift in Sources */,
				C3A63B0F29A8113E00B56D98 /* FeedMultipleCharacters.swift in Sources */,
				C34B4A4A29A7B7C9002C57D1 /* FeedMapper.swift in Sources */,
				C3A63B0D29A7D81900B56D98 /* CharViewModel.swift in Sources */,
				C3D598FE29A5799E0069B505 /* RemoteFeedLoader.swift in Sources */,
				C3D598D229A575A00069B505 /* rick_and_mortyApp.swift in Sources */,
				C34B4A7629A7C465002C57D1 /* APIService.swift in Sources */,
				C34B4A4529A7B72E002C57D1 /* FeedCharacter.swift in Sources */,
			);
			runOnlyForDeploymentPostprocessing = 0;
		};
		C3D598DA29A575A20069B505 /* Sources */ = {
			isa = PBXSourcesBuildPhase;
			buildActionMask = 2147483647;
			files = (
				C3D598FC29A5775F0069B505 /* LoadSingleCharacterFromRemoteUseTestCase.swift in Sources */,
				C3A63B1129A8135F00B56D98 /* LoadMultipleCharacterFromRemoteUseTestCase.swift in Sources */,
				C3D5990429A5CC7C0069B505 /* HTTPClientSpy.swift in Sources */,
				C34B4A4E29A7B8EE002C57D1 /* XCTestCase+MemoryLeakTracking.swift in Sources */,
			);
			runOnlyForDeploymentPostprocessing = 0;
		};
		C3D598E429A575A20069B505 /* Sources */ = {
			isa = PBXSourcesBuildPhase;
			buildActionMask = 2147483647;
			files = (
				C3D598ED29A575A20069B505 /* rick_and_mortyUITests.swift in Sources */,
				C3D598EF29A575A20069B505 /* rick_and_mortyUITestsLaunchTests.swift in Sources */,
			);
			runOnlyForDeploymentPostprocessing = 0;
		};
/* End PBXSourcesBuildPhase section */

/* Begin PBXTargetDependency section */
		C3D598E029A575A20069B505 /* PBXTargetDependency */ = {
			isa = PBXTargetDependency;
			target = C3D598CD29A575A00069B505 /* rick_and_morty */;
			targetProxy = C3D598DF29A575A20069B505 /* PBXContainerItemProxy */;
		};
		C3D598EA29A575A20069B505 /* PBXTargetDependency */ = {
			isa = PBXTargetDependency;
			target = C3D598CD29A575A00069B505 /* rick_and_morty */;
			targetProxy = C3D598E929A575A20069B505 /* PBXContainerItemProxy */;
		};
/* End PBXTargetDependency section */

/* Begin XCBuildConfiguration section */
		C3D598F029A575A20069B505 /* Debug */ = {
			isa = XCBuildConfiguration;
			buildSettings = {
				ALWAYS_SEARCH_USER_PATHS = NO;
				CLANG_ANALYZER_NONNULL = YES;
				CLANG_ANALYZER_NUMBER_OBJECT_CONVERSION = YES_AGGRESSIVE;
				CLANG_CXX_LANGUAGE_STANDARD = "gnu++20";
				CLANG_ENABLE_MODULES = YES;
				CLANG_ENABLE_OBJC_ARC = YES;
				CLANG_ENABLE_OBJC_WEAK = YES;
				CLANG_WARN_BLOCK_CAPTURE_AUTORELEASING = YES;
				CLANG_WARN_BOOL_CONVERSION = YES;
				CLANG_WARN_COMMA = YES;
				CLANG_WARN_CONSTANT_CONVERSION = YES;
				CLANG_WARN_DEPRECATED_OBJC_IMPLEMENTATIONS = YES;
				CLANG_WARN_DIRECT_OBJC_ISA_USAGE = YES_ERROR;
				CLANG_WARN_DOCUMENTATION_COMMENTS = YES;
				CLANG_WARN_EMPTY_BODY = YES;
				CLANG_WARN_ENUM_CONVERSION = YES;
				CLANG_WARN_INFINITE_RECURSION = YES;
				CLANG_WARN_INT_CONVERSION = YES;
				CLANG_WARN_NON_LITERAL_NULL_CONVERSION = YES;
				CLANG_WARN_OBJC_IMPLICIT_RETAIN_SELF = YES;
				CLANG_WARN_OBJC_LITERAL_CONVERSION = YES;
				CLANG_WARN_OBJC_ROOT_CLASS = YES_ERROR;
				CLANG_WARN_QUOTED_INCLUDE_IN_FRAMEWORK_HEADER = YES;
				CLANG_WARN_RANGE_LOOP_ANALYSIS = YES;
				CLANG_WARN_STRICT_PROTOTYPES = YES;
				CLANG_WARN_SUSPICIOUS_MOVE = YES;
				CLANG_WARN_UNGUARDED_AVAILABILITY = YES_AGGRESSIVE;
				CLANG_WARN_UNREACHABLE_CODE = YES;
				CLANG_WARN__DUPLICATE_METHOD_MATCH = YES;
				COPY_PHASE_STRIP = NO;
				DEBUG_INFORMATION_FORMAT = dwarf;
				ENABLE_STRICT_OBJC_MSGSEND = YES;
				ENABLE_TESTABILITY = YES;
				GCC_C_LANGUAGE_STANDARD = gnu11;
				GCC_DYNAMIC_NO_PIC = NO;
				GCC_NO_COMMON_BLOCKS = YES;
				GCC_OPTIMIZATION_LEVEL = 0;
				GCC_PREPROCESSOR_DEFINITIONS = (
					"DEBUG=1",
					"$(inherited)",
				);
				GCC_WARN_64_TO_32_BIT_CONVERSION = YES;
				GCC_WARN_ABOUT_RETURN_TYPE = YES_ERROR;
				GCC_WARN_UNDECLARED_SELECTOR = YES;
				GCC_WARN_UNINITIALIZED_AUTOS = YES_AGGRESSIVE;
				GCC_WARN_UNUSED_FUNCTION = YES;
				GCC_WARN_UNUSED_VARIABLE = YES;
				IPHONEOS_DEPLOYMENT_TARGET = 16.0;
				MTL_ENABLE_DEBUG_INFO = INCLUDE_SOURCE;
				MTL_FAST_MATH = YES;
				ONLY_ACTIVE_ARCH = YES;
				SDKROOT = iphoneos;
				SWIFT_ACTIVE_COMPILATION_CONDITIONS = DEBUG;
				SWIFT_OPTIMIZATION_LEVEL = "-Onone";
			};
			name = Debug;
		};
		C3D598F129A575A20069B505 /* Release */ = {
			isa = XCBuildConfiguration;
			buildSettings = {
				ALWAYS_SEARCH_USER_PATHS = NO;
				CLANG_ANALYZER_NONNULL = YES;
				CLANG_ANALYZER_NUMBER_OBJECT_CONVERSION = YES_AGGRESSIVE;
				CLANG_CXX_LANGUAGE_STANDARD = "gnu++20";
				CLANG_ENABLE_MODULES = YES;
				CLANG_ENABLE_OBJC_ARC = YES;
				CLANG_ENABLE_OBJC_WEAK = YES;
				CLANG_WARN_BLOCK_CAPTURE_AUTORELEASING = YES;
				CLANG_WARN_BOOL_CONVERSION = YES;
				CLANG_WARN_COMMA = YES;
				CLANG_WARN_CONSTANT_CONVERSION = YES;
				CLANG_WARN_DEPRECATED_OBJC_IMPLEMENTATIONS = YES;
				CLANG_WARN_DIRECT_OBJC_ISA_USAGE = YES_ERROR;
				CLANG_WARN_DOCUMENTATION_COMMENTS = YES;
				CLANG_WARN_EMPTY_BODY = YES;
				CLANG_WARN_ENUM_CONVERSION = YES;
				CLANG_WARN_INFINITE_RECURSION = YES;
				CLANG_WARN_INT_CONVERSION = YES;
				CLANG_WARN_NON_LITERAL_NULL_CONVERSION = YES;
				CLANG_WARN_OBJC_IMPLICIT_RETAIN_SELF = YES;
				CLANG_WARN_OBJC_LITERAL_CONVERSION = YES;
				CLANG_WARN_OBJC_ROOT_CLASS = YES_ERROR;
				CLANG_WARN_QUOTED_INCLUDE_IN_FRAMEWORK_HEADER = YES;
				CLANG_WARN_RANGE_LOOP_ANALYSIS = YES;
				CLANG_WARN_STRICT_PROTOTYPES = YES;
				CLANG_WARN_SUSPICIOUS_MOVE = YES;
				CLANG_WARN_UNGUARDED_AVAILABILITY = YES_AGGRESSIVE;
				CLANG_WARN_UNREACHABLE_CODE = YES;
				CLANG_WARN__DUPLICATE_METHOD_MATCH = YES;
				COPY_PHASE_STRIP = NO;
				DEBUG_INFORMATION_FORMAT = "dwarf-with-dsym";
				ENABLE_NS_ASSERTIONS = NO;
				ENABLE_STRICT_OBJC_MSGSEND = YES;
				GCC_C_LANGUAGE_STANDARD = gnu11;
				GCC_NO_COMMON_BLOCKS = YES;
				GCC_WARN_64_TO_32_BIT_CONVERSION = YES;
				GCC_WARN_ABOUT_RETURN_TYPE = YES_ERROR;
				GCC_WARN_UNDECLARED_SELECTOR = YES;
				GCC_WARN_UNINITIALIZED_AUTOS = YES_AGGRESSIVE;
				GCC_WARN_UNUSED_FUNCTION = YES;
				GCC_WARN_UNUSED_VARIABLE = YES;
				IPHONEOS_DEPLOYMENT_TARGET = 16.0;
				MTL_ENABLE_DEBUG_INFO = NO;
				MTL_FAST_MATH = YES;
				SDKROOT = iphoneos;
				SWIFT_COMPILATION_MODE = wholemodule;
				SWIFT_OPTIMIZATION_LEVEL = "-O";
				VALIDATE_PRODUCT = YES;
			};
			name = Release;
		};
		C3D598F329A575A20069B505 /* Debug */ = {
			isa = XCBuildConfiguration;
			buildSettings = {
				ASSETCATALOG_COMPILER_APPICON_NAME = AppIcon;
				ASSETCATALOG_COMPILER_GLOBAL_ACCENT_COLOR_NAME = AccentColor;
				CODE_SIGN_STYLE = Automatic;
				CURRENT_PROJECT_VERSION = 1;
				DEVELOPMENT_ASSET_PATHS = "\"rick_and_morty/Preview Content\"";
				ENABLE_PREVIEWS = YES;
				GENERATE_INFOPLIST_FILE = YES;
				INFOPLIST_KEY_UIApplicationSceneManifest_Generation = YES;
				INFOPLIST_KEY_UIApplicationSupportsIndirectInputEvents = YES;
				INFOPLIST_KEY_UILaunchScreen_Generation = YES;
				INFOPLIST_KEY_UISupportedInterfaceOrientations_iPad = "UIInterfaceOrientationPortrait UIInterfaceOrientationPortraitUpsideDown UIInterfaceOrientationLandscapeLeft UIInterfaceOrientationLandscapeRight";
				INFOPLIST_KEY_UISupportedInterfaceOrientations_iPhone = "UIInterfaceOrientationPortrait UIInterfaceOrientationLandscapeLeft UIInterfaceOrientationLandscapeRight";
				LD_RUNPATH_SEARCH_PATHS = (
					"$(inherited)",
					"@executable_path/Frameworks",
				);
				MARKETING_VERSION = 1.0;
				PRODUCT_BUNDLE_IDENTIFIER = "com.dukena.rick-and-morty";
				PRODUCT_NAME = "$(TARGET_NAME)";
				SWIFT_EMIT_LOC_STRINGS = YES;
				SWIFT_VERSION = 5.0;
				TARGETED_DEVICE_FAMILY = "1,2";
			};
			name = Debug;
		};
		C3D598F429A575A20069B505 /* Release */ = {
			isa = XCBuildConfiguration;
			buildSettings = {
				ASSETCATALOG_COMPILER_APPICON_NAME = AppIcon;
				ASSETCATALOG_COMPILER_GLOBAL_ACCENT_COLOR_NAME = AccentColor;
				CODE_SIGN_STYLE = Automatic;
				CURRENT_PROJECT_VERSION = 1;
				DEVELOPMENT_ASSET_PATHS = "\"rick_and_morty/Preview Content\"";
				ENABLE_PREVIEWS = YES;
				GENERATE_INFOPLIST_FILE = YES;
				INFOPLIST_KEY_UIApplicationSceneManifest_Generation = YES;
				INFOPLIST_KEY_UIApplicationSupportsIndirectInputEvents = YES;
				INFOPLIST_KEY_UILaunchScreen_Generation = YES;
				INFOPLIST_KEY_UISupportedInterfaceOrientations_iPad = "UIInterfaceOrientationPortrait UIInterfaceOrientationPortraitUpsideDown UIInterfaceOrientationLandscapeLeft UIInterfaceOrientationLandscapeRight";
				INFOPLIST_KEY_UISupportedInterfaceOrientations_iPhone = "UIInterfaceOrientationPortrait UIInterfaceOrientationLandscapeLeft UIInterfaceOrientationLandscapeRight";
				LD_RUNPATH_SEARCH_PATHS = (
					"$(inherited)",
					"@executable_path/Frameworks",
				);
				MARKETING_VERSION = 1.0;
				PRODUCT_BUNDLE_IDENTIFIER = "com.dukena.rick-and-morty";
				PRODUCT_NAME = "$(TARGET_NAME)";
				SWIFT_EMIT_LOC_STRINGS = YES;
				SWIFT_VERSION = 5.0;
				TARGETED_DEVICE_FAMILY = "1,2";
			};
			name = Release;
		};
		C3D598F629A575A20069B505 /* Debug */ = {
			isa = XCBuildConfiguration;
			buildSettings = {
				ALWAYS_EMBED_SWIFT_STANDARD_LIBRARIES = YES;
				BUNDLE_LOADER = "$(TEST_HOST)";
				CODE_SIGN_STYLE = Automatic;
				CURRENT_PROJECT_VERSION = 1;
				GENERATE_INFOPLIST_FILE = YES;
				IPHONEOS_DEPLOYMENT_TARGET = 16.0;
				MARKETING_VERSION = 1.0;
				PRODUCT_BUNDLE_IDENTIFIER = "com.dukena.rick-and-mortyTests";
				PRODUCT_NAME = "$(TARGET_NAME)";
				SWIFT_EMIT_LOC_STRINGS = NO;
				SWIFT_VERSION = 5.0;
				TARGETED_DEVICE_FAMILY = "1,2";
				TEST_HOST = "$(BUILT_PRODUCTS_DIR)/rick_and_morty.app/$(BUNDLE_EXECUTABLE_FOLDER_PATH)/rick_and_morty";
			};
			name = Debug;
		};
		C3D598F729A575A20069B505 /* Release */ = {
			isa = XCBuildConfiguration;
			buildSettings = {
				ALWAYS_EMBED_SWIFT_STANDARD_LIBRARIES = YES;
				BUNDLE_LOADER = "$(TEST_HOST)";
				CODE_SIGN_STYLE = Automatic;
				CURRENT_PROJECT_VERSION = 1;
				GENERATE_INFOPLIST_FILE = YES;
				IPHONEOS_DEPLOYMENT_TARGET = 16.0;
				MARKETING_VERSION = 1.0;
				PRODUCT_BUNDLE_IDENTIFIER = "com.dukena.rick-and-mortyTests";
				PRODUCT_NAME = "$(TARGET_NAME)";
				SWIFT_EMIT_LOC_STRINGS = NO;
				SWIFT_VERSION = 5.0;
				TARGETED_DEVICE_FAMILY = "1,2";
				TEST_HOST = "$(BUILT_PRODUCTS_DIR)/rick_and_morty.app/$(BUNDLE_EXECUTABLE_FOLDER_PATH)/rick_and_morty";
			};
			name = Release;
		};
		C3D598F929A575A20069B505 /* Debug */ = {
			isa = XCBuildConfiguration;
			buildSettings = {
				ALWAYS_EMBED_SWIFT_STANDARD_LIBRARIES = YES;
				CODE_SIGN_STYLE = Automatic;
				CURRENT_PROJECT_VERSION = 1;
				GENERATE_INFOPLIST_FILE = YES;
				MARKETING_VERSION = 1.0;
				PRODUCT_BUNDLE_IDENTIFIER = "com.dukena.rick-and-mortyUITests";
				PRODUCT_NAME = "$(TARGET_NAME)";
				SWIFT_EMIT_LOC_STRINGS = NO;
				SWIFT_VERSION = 5.0;
				TARGETED_DEVICE_FAMILY = "1,2";
				TEST_TARGET_NAME = rick_and_morty;
			};
			name = Debug;
		};
		C3D598FA29A575A20069B505 /* Release */ = {
			isa = XCBuildConfiguration;
			buildSettings = {
				ALWAYS_EMBED_SWIFT_STANDARD_LIBRARIES = YES;
				CODE_SIGN_STYLE = Automatic;
				CURRENT_PROJECT_VERSION = 1;
				GENERATE_INFOPLIST_FILE = YES;
				MARKETING_VERSION = 1.0;
				PRODUCT_BUNDLE_IDENTIFIER = "com.dukena.rick-and-mortyUITests";
				PRODUCT_NAME = "$(TARGET_NAME)";
				SWIFT_EMIT_LOC_STRINGS = NO;
				SWIFT_VERSION = 5.0;
				TARGETED_DEVICE_FAMILY = "1,2";
				TEST_TARGET_NAME = rick_and_morty;
			};
			name = Release;
		};
/* End XCBuildConfiguration section */

/* Begin XCConfigurationList section */
		C3D598C929A575A00069B505 /* Build configuration list for PBXProject "rick_and_morty" */ = {
			isa = XCConfigurationList;
			buildConfigurations = (
				C3D598F029A575A20069B505 /* Debug */,
				C3D598F129A575A20069B505 /* Release */,
			);
			defaultConfigurationIsVisible = 0;
			defaultConfigurationName = Release;
		};
		C3D598F229A575A20069B505 /* Build configuration list for PBXNativeTarget "rick_and_morty" */ = {
			isa = XCConfigurationList;
			buildConfigurations = (
				C3D598F329A575A20069B505 /* Debug */,
				C3D598F429A575A20069B505 /* Release */,
			);
			defaultConfigurationIsVisible = 0;
			defaultConfigurationName = Release;
		};
		C3D598F529A575A20069B505 /* Build configuration list for PBXNativeTarget "rick_and_mortyTests" */ = {
			isa = XCConfigurationList;
			buildConfigurations = (
				C3D598F629A575A20069B505 /* Debug */,
				C3D598F729A575A20069B505 /* Release */,
			);
			defaultConfigurationIsVisible = 0;
			defaultConfigurationName = Release;
		};
		C3D598F829A575A20069B505 /* Build configuration list for PBXNativeTarget "rick_and_mortyUITests" */ = {
			isa = XCConfigurationList;
			buildConfigurations = (
				C3D598F929A575A20069B505 /* Debug */,
				C3D598FA29A575A20069B505 /* Release */,
			);
			defaultConfigurationIsVisible = 0;
			defaultConfigurationName = Release;
		};
/* End XCConfigurationList section */
	};
	rootObject = C3D598C629A575A00069B505 /* Project object */;
}
